
Microsoft Visual Studio Solution File, Format Version 12.00
# Visual Studio Version 17
VisualStudioVersion = 17.7.34031.279
MinimumVisualStudioVersion = 10.0.40219.1
Project("{FAE04EC0-301F-11D3-BF4B-00C04F79EFBC}") = "project", "project.csproj", "{BEEE87CE-BEF9-44EF-81E3-8BD69B343AF3}"
EndProject
Global
	GlobalSection(SolutionConfigurationPlatforms) = preSolution
		Debug|Any CPU = Debug|Any CPU
		Release|Any CPU = Release|Any CPU
	EndGlobalSection
	GlobalSection(ProjectConfigurationPlatforms) = postSolution
		{BEEE87CE-BEF9-44EF-81E3-8BD69B343AF3}.Debug|Any CPU.ActiveCfg = Debug|Any CPU
		{BEEE87CE-BEF9-44EF-81E3-8BD69B343AF3}.Debug|Any CPU.Build.0 = Debug|Any CPU
		{BEEE87CE-BEF9-44EF-81E3-8BD69B343AF3}.Release|Any CPU.ActiveCfg = Release|Any CPU
		{BEEE87CE-BEF9-44EF-81E3-8BD69B343AF3}.Release|Any CPU.Build.0 = Release|Any CPU
	EndGlobalSection
	GlobalSection(SolutionProperties) = preSolution
		HideSolutionNode = FALSE
	EndGlobalSection
	GlobalSection(ExtensibilityGlobals) = postSolution
		SolutionGuid = {E3C8E838-E4D4-428F-A747-F9C8A1744FAF}
	EndGlobalSection
EndGlobal
